# THIS IS AN AUTOGENERATED FILE. DO NOT EDIT THIS FILE DIRECTLY.
# yarn lockfile v1


"@azure/functions@^1.0.2-beta2":
  version "1.2.3"
  resolved "https://registry.yarnpkg.com/@azure/functions/-/functions-1.2.3.tgz#65765837e7319eedffbf8a971cb2f78d4e043d54"
  integrity sha512-dZITbYPNg6ay6ngcCOjRUh1wDhlFITS0zIkqplyH5KfKEAVPooaoaye5mUFnR+WP9WdGRjlNXyl/y2tgWKHcRg==

"@types/node@^14.14.25":
  version "14.14.25"
  resolved "https://registry.yarnpkg.com/@types/node/-/node-14.14.25.tgz#15967a7b577ff81383f9b888aa6705d43fbbae93"
  integrity sha512-EPpXLOVqDvisVxtlbvzfyqSsFeQxltFbluZNRndIb8tr9KiBnYNLzrc1N3pyKUCww2RNrfHDViqDWWE1LCJQtQ==

crypto@^1.0.1:
  version "1.0.1"
  resolved "https://registry.yarnpkg.com/crypto/-/crypto-1.0.1.tgz#2af1b7cad8175d24c8a1b0778255794a21803037"
  integrity sha512-VxBKmeNcqQdiUQUW2Tzq0t377b54N2bMtXO/qiLa+6eRRmmC4qT3D4OnTGoT/U6O9aklQ/jTwbOtRMTTY8G0Ig==

ims-lti@^3.0.2:
  version "3.0.2"
  resolved "https://registry.yarnpkg.com/ims-lti/-/ims-lti-3.0.2.tgz#8a7381c622ab813be3bf18a5aa24ebca8cb2860b"
  integrity sha1-inOBxiKrgTvjvxilqiTryoyyhgs=
  dependencies:
    node-uuid "~1.4.0"
    xml2js "~0.4.0"
    xmlbuilder "~2.4.0"

lodash-node@~2.4.1:
  version "2.4.1"
  resolved "https://registry.yarnpkg.com/lodash-node/-/lodash-node-2.4.1.tgz#ea82f7b100c733d1a42af76801e506105e2a80ec"
  integrity sha1-6oL3sQDHM9GkKvdoAeUGEF4qgOw=

node-uuid@~1.4.0:
  version "1.4.8"
  resolved "https://registry.yarnpkg.com/node-uuid/-/node-uuid-1.4.8.tgz#b040eb0923968afabf8d32fb1f17f1167fdab907"
  integrity sha1-sEDrCSOWivq/jTL7HxfxFn/auQc=

querystring@^0.2.0:
  version "0.2.0"
  resolved "https://registry.yarnpkg.com/querystring/-/querystring-0.2.0.tgz#b209849203bb25df820da756e747005878521620"
  integrity sha1-sgmEkgO7Jd+CDadW50cAWHhSFiA=

sax@>=0.6.0:
  version "1.2.4"
  resolved "https://registry.yarnpkg.com/sax/-/sax-1.2.4.tgz#2816234e2378bddc4e5354fab5caa895df7100d9"
  integrity sha512-NqVDv9TpANUjFm0N8uM5GxL36UgKi9/atZw+x7YFnQ8ckwFGKrl4xX4yWtrey3UJm5nP1kUbnYgLopqWNSRhWw==

typescript@^3.3.3:
  version "3.9.9"
  resolved "https://registry.yarnpkg.com/typescript/-/typescript-3.9.9.tgz#e69905c54bc0681d0518bd4d587cc6f2d0b1a674"
  integrity sha512-kdMjTiekY+z/ubJCATUPlRDl39vXYiMV9iyeMuEuXZh2we6zz80uovNN2WlAxmmdE/Z/YQe+EbOEXB5RHEED3w==

xml2js@~0.4.0:
  version "0.4.23"
  resolved "https://registry.yarnpkg.com/xml2js/-/xml2js-0.4.23.tgz#a0c69516752421eb2ac758ee4d4ccf58843eac66"
  integrity sha512-ySPiMjM0+pLDftHgXY4By0uswI3SPKLDw/i3UXbnO8M/p28zqexCUoPmQFrYD+/1BzhGJSs2i1ERWKJAtiLrug==
  dependencies:
    sax ">=0.6.0"
    xmlbuilder "~11.0.0"

xmlbuilder@~11.0.0:
  version "11.0.1"
  resolved "https://registry.yarnpkg.com/xmlbuilder/-/xmlbuilder-11.0.1.tgz#be9bae1c8a046e76b31127726347d0ad7002beb3"
  integrity sha512-fDlsI/kFEx7gLvbecc0/ohLG50fugQp8ryHzMTuW9vSa1GJ0XYWKnhsUx7oie3G98+r56aTQIUB4kht42R3JvA==

xmlbuilder@~2.4.0:
  version "2.4.6"
  resolved "https://registry.yarnpkg.com/xmlbuilder/-/xmlbuilder-2.4.6.tgz#42c664f1358864e5beb1461b4346aec87b63450f"
  integrity sha1-QsZk8TWIZOW+sUYbQ0auyHtjRQ8=
  dependencies:
    lodash-node "~2.4.1"
